// !$*UTF8*$!
{
	archiveVersion = 1;
	classes = {
	};
	objectVersion = 53;
	objects = {

/* Begin PBXBuildFile section */
		0C7B90C74FEDBAC052475EDE /* Pods_StuRxSwiftTests.framework in Frameworks */ = {isa = PBXBuildFile; fileRef = 733D2B8F23BE881921AF2FB9 /* Pods_StuRxSwiftTests.framework */; };
		56D1570DBF8FB635064BF382 /* Pods_StuRxSwift_StuRxSwiftUITests.framework in Frameworks */ = {isa = PBXBuildFile; fileRef = BD1DCCA550A5CFDECBD62858 /* Pods_StuRxSwift_StuRxSwiftUITests.framework */; };
		570BB0DC2951C1E5001697A3 /* ViewController+Rx.swift in Sources */ = {isa = PBXBuildFile; fileRef = 570BB0DB2951C1E5001697A3 /* ViewController+Rx.swift */; };
		573A83F32956EB6D004669C9 /* Table8Cell.swift in Sources */ = {isa = PBXBuildFile; fileRef = 573A83F22956EB6D004669C9 /* Table8Cell.swift */; };
		573A83F52956EBBB004669C9 /* Table8CollectionViewCell.swift in Sources */ = {isa = PBXBuildFile; fileRef = 573A83F42956EBBB004669C9 /* Table8CollectionViewCell.swift */; };
		5774E4EF294FF6D500AC5E99 /* Music.swift in Sources */ = {isa = PBXBuildFile; fileRef = 5774E4EE294FF6D500AC5E99 /* Music.swift */; };
		5774E4F129502EAC00AC5E99 /* JsonElement.swift in Sources */ = {isa = PBXBuildFile; fileRef = 5774E4F029502EAC00AC5E99 /* JsonElement.swift */; };
		577572762953FAE500504720 /* TestTable3ViewController.swift in Sources */ = {isa = PBXBuildFile; fileRef = 577572752953FAE500504720 /* TestTable3ViewController.swift */; };
		57757279295405AE00504720 /* TestTable5ViewController.swift in Sources */ = {isa = PBXBuildFile; fileRef = 57757278295405AE00504720 /* TestTable5ViewController.swift */; };
		5775727B295405B800504720 /* TestTable4ViewController.swift in Sources */ = {isa = PBXBuildFile; fileRef = 5775727A295405B800504720 /* TestTable4ViewController.swift */; };
		5775727E2954064B00504720 /* Test5ViewModel.swift in Sources */ = {isa = PBXBuildFile; fileRef = 5775727D2954064B00504720 /* Test5ViewModel.swift */; };
		5775CB472956D4A2008202BA /* Table8ViewController.swift in Sources */ = {isa = PBXBuildFile; fileRef = 5775CB462956D4A2008202BA /* Table8ViewController.swift */; };
		5775CB492956DE80008202BA /* Table8StateTool.swift in Sources */ = {isa = PBXBuildFile; fileRef = 5775CB482956DE80008202BA /* Table8StateTool.swift */; };
		577623C82943162500122ADD /* AppDelegate.swift in Sources */ = {isa = PBXBuildFile; fileRef = 577623C72943162500122ADD /* AppDelegate.swift */; };
		577623CA2943162500122ADD /* SceneDelegate.swift in Sources */ = {isa = PBXBuildFile; fileRef = 577623C92943162500122ADD /* SceneDelegate.swift */; };
		577623CC2943162500122ADD /* ViewController.swift in Sources */ = {isa = PBXBuildFile; fileRef = 577623CB2943162500122ADD /* ViewController.swift */; };
		577623CF2943162500122ADD /* Main.storyboard in Resources */ = {isa = PBXBuildFile; fileRef = 577623CD2943162500122ADD /* Main.storyboard */; };
		577623D12943162600122ADD /* Assets.xcassets in Resources */ = {isa = PBXBuildFile; fileRef = 577623D02943162600122ADD /* Assets.xcassets */; };
		577623D42943162600122ADD /* LaunchScreen.storyboard in Resources */ = {isa = PBXBuildFile; fileRef = 577623D22943162600122ADD /* LaunchScreen.storyboard */; };
		577623DF2943162600122ADD /* StuRxSwiftTests.swift in Sources */ = {isa = PBXBuildFile; fileRef = 577623DE2943162600122ADD /* StuRxSwiftTests.swift */; };
		577623E92943162600122ADD /* StuRxSwiftUITests.swift in Sources */ = {isa = PBXBuildFile; fileRef = 577623E82943162600122ADD /* StuRxSwiftUITests.swift */; };
		577623EB2943162600122ADD /* StuRxSwiftUITestsLaunchTests.swift in Sources */ = {isa = PBXBuildFile; fileRef = 577623EA2943162600122ADD /* StuRxSwiftUITestsLaunchTests.swift */; };
		577623F82943172E00122ADD /* API.swift in Sources */ = {isa = PBXBuildFile; fileRef = 577623F72943172E00122ADD /* API.swift */; };
		5776E3922967B2D0005721BF /* CollectionFallViewController.swift in Sources */ = {isa = PBXBuildFile; fileRef = 5776E3912967B2D0005721BF /* CollectionFallViewController.swift */; };
		5776E3942967C89A005721BF /* ColorExtensions.swift in Sources */ = {isa = PBXBuildFile; fileRef = 5776E3932967C89A005721BF /* ColorExtensions.swift */; };
		5776E3962967E774005721BF /* CollectionHorPageViewController.swift in Sources */ = {isa = PBXBuildFile; fileRef = 5776E3952967E774005721BF /* CollectionHorPageViewController.swift */; };
		578C2FF8295E897B00B610E8 /* Share1ViewController.swift in Sources */ = {isa = PBXBuildFile; fileRef = 578C2FF7295E897B00B610E8 /* Share1ViewController.swift */; };
		578C2FFB295E924300B610E8 /* ScrollViewExtensions.swift in Sources */ = {isa = PBXBuildFile; fileRef = 578C2FFA295E924300B610E8 /* ScrollViewExtensions.swift */; };
		578C2FFE295E945100B610E8 /* UIScrollView1ViewController.swift in Sources */ = {isa = PBXBuildFile; fileRef = 578C2FFD295E945100B610E8 /* UIScrollView1ViewController.swift */; };
		578C3001295EACD800B610E8 /* RxFeedBack1ViewController.swift in Sources */ = {isa = PBXBuildFile; fileRef = 578C3000295EACD800B610E8 /* RxFeedBack1ViewController.swift */; };
		578C3003295EB5AC00B610E8 /* RxFeedBack2ViewController.swift in Sources */ = {isa = PBXBuildFile; fileRef = 578C3002295EB5AC00B610E8 /* RxFeedBack2ViewController.swift */; };
		578C3006295EB5BF00B610E8 /* BaseViewController.swift in Sources */ = {isa = PBXBuildFile; fileRef = 578C3005295EB5BF00B610E8 /* BaseViewController.swift */; };
		578C3008295ECA0300B610E8 /* RxFeedBack3ViewController.swift in Sources */ = {isa = PBXBuildFile; fileRef = 578C3007295ECA0300B610E8 /* RxFeedBack3ViewController.swift */; };
		578C300A295ECA1500B610E8 /* GitHubSignupState.swift in Sources */ = {isa = PBXBuildFile; fileRef = 578C3009295ECA1500B610E8 /* GitHubSignupState.swift */; };
		578C300C295ECA5E00B610E8 /* GitHubSignup+Feedback.swift in Sources */ = {isa = PBXBuildFile; fileRef = 578C300B295ECA5E00B610E8 /* GitHubSignup+Feedback.swift */; };
		578C300E295ECB0E00B610E8 /* GitHubNetworkService.swift in Sources */ = {isa = PBXBuildFile; fileRef = 578C300D295ECB0E00B610E8 /* GitHubNetworkService.swift */; };
		578C3010295ECB4A00B610E8 /* GitHubSignupService.swift in Sources */ = {isa = PBXBuildFile; fileRef = 578C300F295ECB4A00B610E8 /* GitHubSignupService.swift */; };
		578C3013295EF4D700B610E8 /* SportLightViewController.swift in Sources */ = {isa = PBXBuildFile; fileRef = 578C3012295EF4D700B610E8 /* SportLightViewController.swift */; };
		578CA7D62962714E0003F1F5 /* MoyaDouBanAPI.swift in Sources */ = {isa = PBXBuildFile; fileRef = 578CA7D52962714E0003F1F5 /* MoyaDouBanAPI.swift */; };
		578CA7D8296278E30003F1F5 /* Moya1ViewController.swift in Sources */ = {isa = PBXBuildFile; fileRef = 578CA7D7296278E30003F1F5 /* Moya1ViewController.swift */; };
		578CA7DA2962808D0003F1F5 /* HttpBinAPI.swift in Sources */ = {isa = PBXBuildFile; fileRef = 578CA7D92962808D0003F1F5 /* HttpBinAPI.swift */; };
		578CA7DC296281F30003F1F5 /* MoyaNetwork.swift in Sources */ = {isa = PBXBuildFile; fileRef = 578CA7DB296281F30003F1F5 /* MoyaNetwork.swift */; };
		578CA7DE296284DA0003F1F5 /* Moya2ViewController.swift in Sources */ = {isa = PBXBuildFile; fileRef = 578CA7DD296284DA0003F1F5 /* Moya2ViewController.swift */; };
		578CA7E02962884A0003F1F5 /* MoyaMyServiceAPI.swift in Sources */ = {isa = PBXBuildFile; fileRef = 578CA7DF2962884A0003F1F5 /* MoyaMyServiceAPI.swift */; };
		578CA7E72962A0640003F1F5 /* MVVM1ViewController.swift in Sources */ = {isa = PBXBuildFile; fileRef = 578CA7E62962A0640003F1F5 /* MVVM1ViewController.swift */; };
		578CA7E92962A0DA0003F1F5 /* GitHubProvider.swift in Sources */ = {isa = PBXBuildFile; fileRef = 578CA7E82962A0DA0003F1F5 /* GitHubProvider.swift */; };
		578CA7EB2962A1CC0003F1F5 /* GitHubModel.swift in Sources */ = {isa = PBXBuildFile; fileRef = 578CA7EA2962A1CC0003F1F5 /* GitHubModel.swift */; };
		578CA7ED2962A2870003F1F5 /* GitHubViewModel.swift in Sources */ = {isa = PBXBuildFile; fileRef = 578CA7EC2962A2870003F1F5 /* GitHubViewModel.swift */; };
		578CA82B2962E11D0003F1F5 /* MVVM2ViewController.swift in Sources */ = {isa = PBXBuildFile; fileRef = 578CA82A2962E11D0003F1F5 /* MVVM2ViewController.swift */; };
		578CA82D2962E12E0003F1F5 /* GitHubViewModel2.swift in Sources */ = {isa = PBXBuildFile; fileRef = 578CA82C2962E12E0003F1F5 /* GitHubViewModel2.swift */; };
		57906EEF29530C09005A6912 /* TestTable1ViewController.swift in Sources */ = {isa = PBXBuildFile; fileRef = 57906EEE29530C09005A6912 /* TestTable1ViewController.swift */; };
		57906EF129531360005A6912 /* TestTable2ViewController.swift in Sources */ = {isa = PBXBuildFile; fileRef = 57906EF029531360005A6912 /* TestTable2ViewController.swift */; };
		57930B09295FD56C00D28C60 /* UNNotificationViewController.swift in Sources */ = {isa = PBXBuildFile; fileRef = 57930B08295FD56C00D28C60 /* UNNotificationViewController.swift */; };
		57930B0C29600EF600D28C60 /* Snap1ViewController.swift in Sources */ = {isa = PBXBuildFile; fileRef = 57930B0B29600EF600D28C60 /* Snap1ViewController.swift */; };
		579A896E295AF7B800A2B55F /* Collection1ViewController.swift in Sources */ = {isa = PBXBuildFile; fileRef = 579A896D295AF7B800A2B55F /* Collection1ViewController.swift */; };
		69D84F37CF8F133E7231D0B8 /* Pods_StuRxSwift.framework in Frameworks */ = {isa = PBXBuildFile; fileRef = 11F62A8922B319CFA12BCA50 /* Pods_StuRxSwift.framework */; };
/* End PBXBuildFile section */

/* Begin PBXContainerItemProxy section */
		577623DB2943162600122ADD /* PBXContainerItemProxy */ = {
			isa = PBXContainerItemProxy;
			containerPortal = 577623BC2943162500122ADD /* Project object */;
			proxyType = 1;
			remoteGlobalIDString = 577623C32943162500122ADD;
			remoteInfo = StuRxSwift;
		};
		577623E52943162600122ADD /* PBXContainerItemProxy */ = {
			isa = PBXContainerItemProxy;
			containerPortal = 577623BC2943162500122ADD /* Project object */;
			proxyType = 1;
			remoteGlobalIDString = 577623C32943162500122ADD;
			remoteInfo = StuRxSwift;
		};
/* End PBXContainerItemProxy section */

/* Begin PBXFileReference section */
		11F62A8922B319CFA12BCA50 /* Pods_StuRxSwift.framework */ = {isa = PBXFileReference; explicitFileType = wrapper.framework; includeInIndex = 0; path = Pods_StuRxSwift.framework; sourceTree = BUILT_PRODUCTS_DIR; };
		21E743F8FDEA1873BDFA6C32 /* Pods-StuRxSwiftTests.release.xcconfig */ = {isa = PBXFileReference; includeInIndex = 1; lastKnownFileType = text.xcconfig; name = "Pods-StuRxSwiftTests.release.xcconfig"; path = "Target Support Files/Pods-StuRxSwiftTests/Pods-StuRxSwiftTests.release.xcconfig"; sourceTree = "<group>"; };
		46B9F5FFE8BB631FBCC63530 /* Pods-StuRxSwiftTests.debug.xcconfig */ = {isa = PBXFileReference; includeInIndex = 1; lastKnownFileType = text.xcconfig; name = "Pods-StuRxSwiftTests.debug.xcconfig"; path = "Target Support Files/Pods-StuRxSwiftTests/Pods-StuRxSwiftTests.debug.xcconfig"; sourceTree = "<group>"; };
		570BB0DB2951C1E5001697A3 /* ViewController+Rx.swift */ = {isa = PBXFileReference; lastKnownFileType = sourcecode.swift; path = "ViewController+Rx.swift"; sourceTree = "<group>"; };
		573A83F22956EB6D004669C9 /* Table8Cell.swift */ = {isa = PBXFileReference; lastKnownFileType = sourcecode.swift; path = Table8Cell.swift; sourceTree = "<group>"; };
		573A83F42956EBBB004669C9 /* Table8CollectionViewCell.swift */ = {isa = PBXFileReference; lastKnownFileType = sourcecode.swift; path = Table8CollectionViewCell.swift; sourceTree = "<group>"; };
		5774E4EE294FF6D500AC5E99 /* Music.swift */ = {isa = PBXFileReference; lastKnownFileType = sourcecode.swift; path = Music.swift; sourceTree = "<group>"; };
		5774E4F029502EAC00AC5E99 /* JsonElement.swift */ = {isa = PBXFileReference; lastKnownFileType = sourcecode.swift; path = JsonElement.swift; sourceTree = "<group>"; };
		577572752953FAE500504720 /* TestTable3ViewController.swift */ = {isa = PBXFileReference; lastKnownFileType = sourcecode.swift; path = TestTable3ViewController.swift; sourceTree = "<group>"; };
		57757278295405AE00504720 /* TestTable5ViewController.swift */ = {isa = PBXFileReference; lastKnownFileType = sourcecode.swift; path = TestTable5ViewController.swift; sourceTree = "<group>"; };
		5775727A295405B800504720 /* TestTable4ViewController.swift */ = {isa = PBXFileReference; lastKnownFileType = sourcecode.swift; path = TestTable4ViewController.swift; sourceTree = "<group>"; };
		5775727D2954064B00504720 /* Test5ViewModel.swift */ = {isa = PBXFileReference; lastKnownFileType = sourcecode.swift; path = Test5ViewModel.swift; sourceTree = "<group>"; };
		5775CB462956D4A2008202BA /* Table8ViewController.swift */ = {isa = PBXFileReference; lastKnownFileType = sourcecode.swift; path = Table8ViewController.swift; sourceTree = "<group>"; };
		5775CB482956DE80008202BA /* Table8StateTool.swift */ = {isa = PBXFileReference; lastKnownFileType = sourcecode.swift; path = Table8StateTool.swift; sourceTree = "<group>"; };
		577623C42943162500122ADD /* StuRxSwift.app */ = {isa = PBXFileReference; explicitFileType = wrapper.application; includeInIndex = 0; path = StuRxSwift.app; sourceTree = BUILT_PRODUCTS_DIR; };
		577623C72943162500122ADD /* AppDelegate.swift */ = {isa = PBXFileReference; lastKnownFileType = sourcecode.swift; path = AppDelegate.swift; sourceTree = "<group>"; };
		577623C92943162500122ADD /* SceneDelegate.swift */ = {isa = PBXFileReference; lastKnownFileType = sourcecode.swift; path = SceneDelegate.swift; sourceTree = "<group>"; };
		577623CB2943162500122ADD /* ViewController.swift */ = {isa = PBXFileReference; lastKnownFileType = sourcecode.swift; path = ViewController.swift; sourceTree = "<group>"; };
		577623CE2943162500122ADD /* Base */ = {isa = PBXFileReference; lastKnownFileType = file.storyboard; name = Base; path = Base.lproj/Main.storyboard; sourceTree = "<group>"; };
		577623D02943162600122ADD /* Assets.xcassets */ = {isa = PBXFileReference; lastKnownFileType = folder.assetcatalog; path = Assets.xcassets; sourceTree = "<group>"; };
		577623D32943162600122ADD /* Base */ = {isa = PBXFileReference; lastKnownFileType = file.storyboard; name = Base; path = Base.lproj/LaunchScreen.storyboard; sourceTree = "<group>"; };
		577623D52943162600122ADD /* Info.plist */ = {isa = PBXFileReference; lastKnownFileType = text.plist.xml; path = Info.plist; sourceTree = "<group>"; };
		577623DA2943162600122ADD /* StuRxSwiftTests.xctest */ = {isa = PBXFileReference; explicitFileType = wrapper.cfbundle; includeInIndex = 0; path = StuRxSwiftTests.xctest; sourceTree = BUILT_PRODUCTS_DIR; };
		577623DE2943162600122ADD /* StuRxSwiftTests.swift */ = {isa = PBXFileReference; lastKnownFileType = sourcecode.swift; path = StuRxSwiftTests.swift; sourceTree = "<group>"; };
		577623E42943162600122ADD /* StuRxSwiftUITests.xctest */ = {isa = PBXFileReference; explicitFileType = wrapper.cfbundle; includeInIndex = 0; path = StuRxSwiftUITests.xctest; sourceTree = BUILT_PRODUCTS_DIR; };
		577623E82943162600122ADD /* StuRxSwiftUITests.swift */ = {isa = PBXFileReference; lastKnownFileType = sourcecode.swift; path = StuRxSwiftUITests.swift; sourceTree = "<group>"; };
		577623EA2943162600122ADD /* StuRxSwiftUITestsLaunchTests.swift */ = {isa = PBXFileReference; lastKnownFileType = sourcecode.swift; path = StuRxSwiftUITestsLaunchTests.swift; sourceTree = "<group>"; };
		577623F72943172E00122ADD /* API.swift */ = {isa = PBXFileReference; lastKnownFileType = sourcecode.swift; path = API.swift; sourceTree = "<group>"; };
		5776E3912967B2D0005721BF /* CollectionFallViewController.swift */ = {isa = PBXFileReference; lastKnownFileType = sourcecode.swift; path = CollectionFallViewController.swift; sourceTree = "<group>"; };
		5776E3932967C89A005721BF /* ColorExtensions.swift */ = {isa = PBXFileReference; lastKnownFileType = sourcecode.swift; path = ColorExtensions.swift; sourceTree = "<group>"; };
		5776E3952967E774005721BF /* CollectionHorPageViewController.swift */ = {isa = PBXFileReference; lastKnownFileType = sourcecode.swift; path = CollectionHorPageViewController.swift; sourceTree = "<group>"; };
		578C2FF7295E897B00B610E8 /* Share1ViewController.swift */ = {isa = PBXFileReference; lastKnownFileType = sourcecode.swift; path = Share1ViewController.swift; sourceTree = "<group>"; };
		578C2FFA295E924300B610E8 /* ScrollViewExtensions.swift */ = {isa = PBXFileReference; lastKnownFileType = sourcecode.swift; path = ScrollViewExtensions.swift; sourceTree = "<group>"; };
		578C2FFD295E945100B610E8 /* UIScrollView1ViewController.swift */ = {isa = PBXFileReference; lastKnownFileType = sourcecode.swift; path = UIScrollView1ViewController.swift; sourceTree = "<group>"; };
		578C3000295EACD800B610E8 /* RxFeedBack1ViewController.swift */ = {isa = PBXFileReference; lastKnownFileType = sourcecode.swift; path = RxFeedBack1ViewController.swift; sourceTree = "<group>"; };
		578C3002295EB5AC00B610E8 /* RxFeedBack2ViewController.swift */ = {isa = PBXFileReference; lastKnownFileType = sourcecode.swift; path = RxFeedBack2ViewController.swift; sourceTree = "<group>"; };
		578C3005295EB5BF00B610E8 /* BaseViewController.swift */ = {isa = PBXFileReference; lastKnownFileType = sourcecode.swift; path = BaseViewController.swift; sourceTree = "<group>"; };
		578C3007295ECA0300B610E8 /* RxFeedBack3ViewController.swift */ = {isa = PBXFileReference; lastKnownFileType = sourcecode.swift; path = RxFeedBack3ViewController.swift; sourceTree = "<group>"; };
		578C3009295ECA1500B610E8 /* GitHubSignupState.swift */ = {isa = PBXFileReference; lastKnownFileType = sourcecode.swift; path = GitHubSignupState.swift; sourceTree = "<group>"; };
		578C300B295ECA5E00B610E8 /* GitHubSignup+Feedback.swift */ = {isa = PBXFileReference; lastKnownFileType = sourcecode.swift; path = "GitHubSignup+Feedback.swift"; sourceTree = "<group>"; };
		578C300D295ECB0E00B610E8 /* GitHubNetworkService.swift */ = {isa = PBXFileReference; lastKnownFileType = sourcecode.swift; name = GitHubNetworkService.swift; path = ../RxFeedback/GitHubNetworkService.swift; sourceTree = "<group>"; };
		578C300F295ECB4A00B610E8 /* GitHubSignupService.swift */ = {isa = PBXFileReference; lastKnownFileType = sourcecode.swift; path = GitHubSignupService.swift; sourceTree = "<group>"; };
		578C3012295EF4D700B610E8 /* SportLightViewController.swift */ = {isa = PBXFileReference; lastKnownFileType = sourcecode.swift; path = SportLightViewController.swift; sourceTree = "<group>"; };
		578CA7D52962714E0003F1F5 /* MoyaDouBanAPI.swift */ = {isa = PBXFileReference; lastKnownFileType = sourcecode.swift; path = MoyaDouBanAPI.swift; sourceTree = "<group>"; };
		578CA7D7296278E30003F1F5 /* Moya1ViewController.swift */ = {isa = PBXFileReference; lastKnownFileType = sourcecode.swift; path = Moya1ViewController.swift; sourceTree = "<group>"; };
		578CA7D92962808D0003F1F5 /* HttpBinAPI.swift */ = {isa = PBXFileReference; lastKnownFileType = sourcecode.swift; path = HttpBinAPI.swift; sourceTree = "<group>"; };
		578CA7DB296281F30003F1F5 /* MoyaNetwork.swift */ = {isa = PBXFileReference; lastKnownFileType = sourcecode.swift; path = MoyaNetwork.swift; sourceTree = "<group>"; };
		578CA7DD296284DA0003F1F5 /* Moya2ViewController.swift */ = {isa = PBXFileReference; lastKnownFileType = sourcecode.swift; path = Moya2ViewController.swift; sourceTree = "<group>"; };
		578CA7DF2962884A0003F1F5 /* MoyaMyServiceAPI.swift */ = {isa = PBXFileReference; lastKnownFileType = sourcecode.swift; path = MoyaMyServiceAPI.swift; sourceTree = "<group>"; };
		578CA7E62962A0640003F1F5 /* MVVM1ViewController.swift */ = {isa = PBXFileReference; lastKnownFileType = sourcecode.swift; path = MVVM1ViewController.swift; sourceTree = "<group>"; };
		578CA7E82962A0DA0003F1F5 /* GitHubProvider.swift */ = {isa = PBXFileReference; lastKnownFileType = sourcecode.swift; path = GitHubProvider.swift; sourceTree = "<group>"; };
		578CA7EA2962A1CC0003F1F5 /* GitHubModel.swift */ = {isa = PBXFileReference; lastKnownFileType = sourcecode.swift; path = GitHubModel.swift; sourceTree = "<group>"; };
		578CA7EC2962A2870003F1F5 /* GitHubViewModel.swift */ = {isa = PBXFileReference; lastKnownFileType = sourcecode.swift; path = GitHubViewModel.swift; sourceTree = "<group>"; };
		578CA82A2962E11D0003F1F5 /* MVVM2ViewController.swift */ = {isa = PBXFileReference; lastKnownFileType = sourcecode.swift; path = MVVM2ViewController.swift; sourceTree = "<group>"; };
		578CA82C2962E12E0003F1F5 /* GitHubViewModel2.swift */ = {isa = PBXFileReference; lastKnownFileType = sourcecode.swift; path = GitHubViewModel2.swift; sourceTree = "<group>"; };
		57906EEE29530C09005A6912 /* TestTable1ViewController.swift */ = {isa = PBXFileReference; lastKnownFileType = sourcecode.swift; path = TestTable1ViewController.swift; sourceTree = "<group>"; };
		57906EF029531360005A6912 /* TestTable2ViewController.swift */ = {isa = PBXFileReference; lastKnownFileType = sourcecode.swift; path = TestTable2ViewController.swift; sourceTree = "<group>"; };
		57930B08295FD56C00D28C60 /* UNNotificationViewController.swift */ = {isa = PBXFileReference; lastKnownFileType = sourcecode.swift; path = UNNotificationViewController.swift; sourceTree = "<group>"; };
		57930B0B29600EF600D28C60 /* Snap1ViewController.swift */ = {isa = PBXFileReference; lastKnownFileType = sourcecode.swift; path = Snap1ViewController.swift; sourceTree = "<group>"; };
		579A896D295AF7B800A2B55F /* Collection1ViewController.swift */ = {isa = PBXFileReference; lastKnownFileType = sourcecode.swift; path = Collection1ViewController.swift; sourceTree = "<group>"; };
		6F375C2F058C53A2E0CAACE2 /* Pods-StuRxSwift.debug.xcconfig */ = {isa = PBXFileReference; includeInIndex = 1; lastKnownFileType = text.xcconfig; name = "Pods-StuRxSwift.debug.xcconfig"; path = "Target Support Files/Pods-StuRxSwift/Pods-StuRxSwift.debug.xcconfig"; sourceTree = "<group>"; };
		733D2B8F23BE881921AF2FB9 /* Pods_StuRxSwiftTests.framework */ = {isa = PBXFileReference; explicitFileType = wrapper.framework; includeInIndex = 0; path = Pods_StuRxSwiftTests.framework; sourceTree = BUILT_PRODUCTS_DIR; };
		90C636ABC8E51711D5B31C4E /* Pods-StuRxSwift-StuRxSwiftUITests.release.xcconfig */ = {isa = PBXFileReference; includeInIndex = 1; lastKnownFileType = text.xcconfig; name = "Pods-StuRxSwift-StuRxSwiftUITests.release.xcconfig"; path = "Target Support Files/Pods-StuRxSwift-StuRxSwiftUITests/Pods-StuRxSwift-StuRxSwiftUITests.release.xcconfig"; sourceTree = "<group>"; };
		BD1DCCA550A5CFDECBD62858 /* Pods_StuRxSwift_StuRxSwiftUITests.framework */ = {isa = PBXFileReference; explicitFileType = wrapper.framework; includeInIndex = 0; path = Pods_StuRxSwift_StuRxSwiftUITests.framework; sourceTree = BUILT_PRODUCTS_DIR; };
		DAC17F44A69275720E0088C0 /* Pods-StuRxSwift.release.xcconfig */ = {isa = PBXFileReference; includeInIndex = 1; lastKnownFileType = text.xcconfig; name = "Pods-StuRxSwift.release.xcconfig"; path = "Target Support Files/Pods-StuRxSwift/Pods-StuRxSwift.release.xcconfig"; sourceTree = "<group>"; };
		E399C503ADE262A4A8CB4DCA /* Pods-StuRxSwift-StuRxSwiftUITests.debug.xcconfig */ = {isa = PBXFileReference; includeInIndex = 1; lastKnownFileType = text.xcconfig; name = "Pods-StuRxSwift-StuRxSwiftUITests.debug.xcconfig"; path = "Target Support Files/Pods-StuRxSwift-StuRxSwiftUITests/Pods-StuRxSwift-StuRxSwiftUITests.debug.xcconfig"; sourceTree = "<group>"; };
/* End PBXFileReference section */

/* Begin PBXFrameworksBuildPhase section */
		577623C12943162500122ADD /* Frameworks */ = {
			isa = PBXFrameworksBuildPhase;
			buildActionMask = 2147483647;
			files = (
				69D84F37CF8F133E7231D0B8 /* Pods_StuRxSwift.framework in Frameworks */,
			);
			runOnlyForDeploymentPostprocessing = 0;
		};
		577623D72943162600122ADD /* Frameworks */ = {
			isa = PBXFrameworksBuildPhase;
			buildActionMask = 2147483647;
			files = (
				0C7B90C74FEDBAC052475EDE /* Pods_StuRxSwiftTests.framework in Frameworks */,
			);
			runOnlyForDeploymentPostprocessing = 0;
		};
		577623E12943162600122ADD /* Frameworks */ = {
			isa = PBXFrameworksBuildPhase;
			buildActionMask = 2147483647;
			files = (
				56D1570DBF8FB635064BF382 /* Pods_StuRxSwift_StuRxSwiftUITests.framework in Frameworks */,
			);
			runOnlyForDeploymentPostprocessing = 0;
		};
/* End PBXFrameworksBuildPhase section */

/* Begin PBXGroup section */
		02D829C411689963282D9828 /* Frameworks */ = {
			isa = PBXGroup;
			children = (
				11F62A8922B319CFA12BCA50 /* Pods_StuRxSwift.framework */,
				BD1DCCA550A5CFDECBD62858 /* Pods_StuRxSwift_StuRxSwiftUITests.framework */,
				733D2B8F23BE881921AF2FB9 /* Pods_StuRxSwiftTests.framework */,
			);
			name = Frameworks;
			sourceTree = "<group>";
		};
		577572732953F70000504720 /* table2 */ = {
			isa = PBXGroup;
			children = (
				57906EF029531360005A6912 /* TestTable2ViewController.swift */,
			);
			path = table2;
			sourceTree = "<group>";
		};
		577572742953F70A00504720 /* table1 */ = {
			isa = PBXGroup;
			children = (
				57906EEE29530C09005A6912 /* TestTable1ViewController.swift */,
			);
			path = table1;
			sourceTree = "<group>";
		};
		577572772953FAEA00504720 /* table3 */ = {
			isa = PBXGroup;
			children = (
				5775727A295405B800504720 /* TestTable4ViewController.swift */,
				577572752953FAE500504720 /* TestTable3ViewController.swift */,
			);
			path = table3;
			sourceTree = "<group>";
		};
		5775727C295405FD00504720 /* table5 */ = {
			isa = PBXGroup;
			children = (
				57757278295405AE00504720 /* TestTable5ViewController.swift */,
				5775727D2954064B00504720 /* Test5ViewModel.swift */,
			);
			path = table5;
			sourceTree = "<group>";
		};
		5775CB4A2956EA6B008202BA /* table8 */ = {
			isa = PBXGroup;
			children = (
				5775CB462956D4A2008202BA /* Table8ViewController.swift */,
				5775CB482956DE80008202BA /* Table8StateTool.swift */,
				573A83F22956EB6D004669C9 /* Table8Cell.swift */,
				573A83F42956EBBB004669C9 /* Table8CollectionViewCell.swift */,
			);
			path = table8;
			sourceTree = "<group>";
		};
		577623BB2943162500122ADD = {
			isa = PBXGroup;
			children = (
				577623C62943162500122ADD /* StuRxSwift */,
				577623DD2943162600122ADD /* StuRxSwiftTests */,
				577623E72943162600122ADD /* StuRxSwiftUITests */,
				577623C52943162500122ADD /* Products */,
				75FA754D1C8A0DF00A9BE70B /* Pods */,
				02D829C411689963282D9828 /* Frameworks */,
			);
			sourceTree = "<group>";
		};
		577623C52943162500122ADD /* Products */ = {
			isa = PBXGroup;
			children = (
				577623C42943162500122ADD /* StuRxSwift.app */,
				577623DA2943162600122ADD /* StuRxSwiftTests.xctest */,
				577623E42943162600122ADD /* StuRxSwiftUITests.xctest */,
			);
			name = Products;
			sourceTree = "<group>";
		};
		577623C62943162500122ADD /* StuRxSwift */ = {
			isa = PBXGroup;
			children = (
				578CA7E52962A0500003F1F5 /* MVVM */,
				578CA7D4296271200003F1F5 /* Moya */,
				57930B0A29600EE800D28C60 /* Snap */,
				578C3011295EF4C500B610E8 /* Device */,
				578C3004295EB5B300B610E8 /* Base */,
				578C2FFF295EACC400B610E8 /* RxFeedback */,
				578C2FFC295E943400B610E8 /* ScrollView */,
				578C2FF9295E922400B610E8 /* Extensions */,
				578C2FF6295E895E00B610E8 /* share */,
				579A896C295AF79A00A2B55F /* collection1 */,
				577623C72943162500122ADD /* AppDelegate.swift */,
				577623C92943162500122ADD /* SceneDelegate.swift */,
				577623CB2943162500122ADD /* ViewController.swift */,
				577623CD2943162500122ADD /* Main.storyboard */,
				577623D02943162600122ADD /* Assets.xcassets */,
				577623D22943162600122ADD /* LaunchScreen.storyboard */,
				577623D52943162600122ADD /* Info.plist */,
				577623F72943172E00122ADD /* API.swift */,
				5774E4EE294FF6D500AC5E99 /* Music.swift */,
				5774E4F029502EAC00AC5E99 /* JsonElement.swift */,
				570BB0DB2951C1E5001697A3 /* ViewController+Rx.swift */,
				577572742953F70A00504720 /* table1 */,
				577572732953F70000504720 /* table2 */,
				577572772953FAEA00504720 /* table3 */,
				5775727C295405FD00504720 /* table5 */,
				5775CB4A2956EA6B008202BA /* table8 */,
			);
			path = StuRxSwift;
			sourceTree = "<group>";
		};
		577623DD2943162600122ADD /* StuRxSwiftTests */ = {
			isa = PBXGroup;
			children = (
				577623DE2943162600122ADD /* StuRxSwiftTests.swift */,
			);
			path = StuRxSwiftTests;
			sourceTree = "<group>";
		};
		577623E72943162600122ADD /* StuRxSwiftUITests */ = {
			isa = PBXGroup;
			children = (
				577623E82943162600122ADD /* StuRxSwiftUITests.swift */,
				577623EA2943162600122ADD /* StuRxSwiftUITestsLaunchTests.swift */,
			);
			path = StuRxSwiftUITests;
			sourceTree = "<group>";
		};
		578C2FF6295E895E00B610E8 /* share */ = {
			isa = PBXGroup;
			children = (
				578C2FF7295E897B00B610E8 /* Share1ViewController.swift */,
			);
			path = share;
			sourceTree = "<group>";
		};
		578C2FF9295E922400B610E8 /* Extensions */ = {
			isa = PBXGroup;
			children = (
				578C2FFA295E924300B610E8 /* ScrollViewExtensions.swift */,
				5776E3932967C89A005721BF /* ColorExtensions.swift */,
			);
			path = Extensions;
			sourceTree = "<group>";
		};
		578C2FFC295E943400B610E8 /* ScrollView */ = {
			isa = PBXGroup;
			children = (
				578C2FFD295E945100B610E8 /* UIScrollView1ViewController.swift */,
			);
			path = ScrollView;
			sourceTree = "<group>";
		};
		578C2FFF295EACC400B610E8 /* RxFeedback */ = {
			isa = PBXGroup;
			children = (
				578C3000295EACD800B610E8 /* RxFeedBack1ViewController.swift */,
				578C3002295EB5AC00B610E8 /* RxFeedBack2ViewController.swift */,
				578C3007295ECA0300B610E8 /* RxFeedBack3ViewController.swift */,
				578C3009295ECA1500B610E8 /* GitHubSignupState.swift */,
				578C300B295ECA5E00B610E8 /* GitHubSignup+Feedback.swift */,
				578C300F295ECB4A00B610E8 /* GitHubSignupService.swift */,
			);
			path = RxFeedback;
			sourceTree = "<group>";
		};
		578C3004295EB5B300B610E8 /* Base */ = {
			isa = PBXGroup;
			children = (
				578C3005295EB5BF00B610E8 /* BaseViewController.swift */,
			);
			path = Base;
			sourceTree = "<group>";
		};
		578C3011295EF4C500B610E8 /* Device */ = {
			isa = PBXGroup;
			children = (
				578C3012295EF4D700B610E8 /* SportLightViewController.swift */,
				57930B08295FD56C00D28C60 /* UNNotificationViewController.swift */,
			);
			path = Device;
			sourceTree = "<group>";
		};
		578CA7D4296271200003F1F5 /* Moya */ = {
			isa = PBXGroup;
			children = (
				578CA7D52962714E0003F1F5 /* MoyaDouBanAPI.swift */,
				578CA7D92962808D0003F1F5 /* HttpBinAPI.swift */,
				578CA7DB296281F30003F1F5 /* MoyaNetwork.swift */,
				578CA7D7296278E30003F1F5 /* Moya1ViewController.swift */,
				578CA7DD296284DA0003F1F5 /* Moya2ViewController.swift */,
				578CA7DF2962884A0003F1F5 /* MoyaMyServiceAPI.swift */,
			);
			path = Moya;
			sourceTree = "<group>";
		};
		578CA7E52962A0500003F1F5 /* MVVM */ = {
			isa = PBXGroup;
			children = (
				578C300D295ECB0E00B610E8 /* GitHubNetworkService.swift */,
				578CA7E82962A0DA0003F1F5 /* GitHubProvider.swift */,
				578CA7EA2962A1CC0003F1F5 /* GitHubModel.swift */,
				578CA7E62962A0640003F1F5 /* MVVM1ViewController.swift */,
				578CA7EC2962A2870003F1F5 /* GitHubViewModel.swift */,
				578CA82A2962E11D0003F1F5 /* MVVM2ViewController.swift */,
				578CA82C2962E12E0003F1F5 /* GitHubViewModel2.swift */,
			);
			path = MVVM;
			sourceTree = "<group>";
		};
		57930B0A29600EE800D28C60 /* Snap */ = {
			isa = PBXGroup;
			children = (
				57930B0B29600EF600D28C60 /* Snap1ViewController.swift */,
			);
			path = Snap;
			sourceTree = "<group>";
		};
		579A896C295AF79A00A2B55F /* collection1 */ = {
			isa = PBXGroup;
			children = (
				579A896D295AF7B800A2B55F /* Collection1ViewController.swift */,
				5776E3912967B2D0005721BF /* CollectionFallViewController.swift */,
				5776E3952967E774005721BF /* CollectionHorPageViewController.swift */,
			);
			path = collection1;
			sourceTree = "<group>";
		};
		75FA754D1C8A0DF00A9BE70B /* Pods */ = {
			isa = PBXGroup;
			children = (
				6F375C2F058C53A2E0CAACE2 /* Pods-StuRxSwift.debug.xcconfig */,
				DAC17F44A69275720E0088C0 /* Pods-StuRxSwift.release.xcconfig */,
				E399C503ADE262A4A8CB4DCA /* Pods-StuRxSwift-StuRxSwiftUITests.debug.xcconfig */,
				90C636ABC8E51711D5B31C4E /* Pods-StuRxSwift-StuRxSwiftUITests.release.xcconfig */,
				46B9F5FFE8BB631FBCC63530 /* Pods-StuRxSwiftTests.debug.xcconfig */,
				21E743F8FDEA1873BDFA6C32 /* Pods-StuRxSwiftTests.release.xcconfig */,
			);
			path = Pods;
			sourceTree = "<group>";
		};
/* End PBXGroup section */

/* Begin PBXNativeTarget section */
		577623C32943162500122ADD /* StuRxSwift */ = {
			isa = PBXNativeTarget;
			buildConfigurationList = 577623EE2943162600122ADD /* Build configuration list for PBXNativeTarget "StuRxSwift" */;
			buildPhases = (
				D2B94996E74FD871EE25AC98 /* [CP] Check Pods Manifest.lock */,
				577623C02943162500122ADD /* Sources */,
				577623C12943162500122ADD /* Frameworks */,
				577623C22943162500122ADD /* Resources */,
				A7D217CC8B9CEB6208E9739D /* [CP] Embed Pods Frameworks */,
				578CA8292962DFCF0003F1F5 /* SwiftLint */,
			);
			buildRules = (
			);
			dependencies = (
			);
			name = StuRxSwift;
			productName = StuRxSwift;
			productReference = 577623C42943162500122ADD /* StuRxSwift.app */;
			productType = "com.apple.product-type.application";
		};
		577623D92943162600122ADD /* StuRxSwiftTests */ = {
			isa = PBXNativeTarget;
			buildConfigurationList = 577623F12943162600122ADD /* Build configuration list for PBXNativeTarget "StuRxSwiftTests" */;
			buildPhases = (
				ED76C7381823A96A66F4D23E /* [CP] Check Pods Manifest.lock */,
				577623D62943162600122ADD /* Sources */,
				577623D72943162600122ADD /* Frameworks */,
				577623D82943162600122ADD /* Resources */,
			);
			buildRules = (
			);
			dependencies = (
				577623DC2943162600122ADD /* PBXTargetDependency */,
			);
			name = StuRxSwiftTests;
			productName = StuRxSwiftTests;
			productReference = 577623DA2943162600122ADD /* StuRxSwiftTests.xctest */;
			productType = "com.apple.product-type.bundle.unit-test";
		};
		577623E32943162600122ADD /* StuRxSwiftUITests */ = {
			isa = PBXNativeTarget;
			buildConfigurationList = 577623F42943162600122ADD /* Build configuration list for PBXNativeTarget "StuRxSwiftUITests" */;
			buildPhases = (
				2E83BE9E53F66CD05EBBBDCE /* [CP] Check Pods Manifest.lock */,
				577623E02943162600122ADD /* Sources */,
				577623E12943162600122ADD /* Frameworks */,
				577623E22943162600122ADD /* Resources */,
				832EC5C54070F1F114E7608B /* [CP] Embed Pods Frameworks */,
			);
			buildRules = (
			);
			dependencies = (
				577623E62943162600122ADD /* PBXTargetDependency */,
			);
			name = StuRxSwiftUITests;
			productName = StuRxSwiftUITests;
			productReference = 577623E42943162600122ADD /* StuRxSwiftUITests.xctest */;
			productType = "com.apple.product-type.bundle.ui-testing";
		};
/* End PBXNativeTarget section */

/* Begin PBXProject section */
		577623BC2943162500122ADD /* Project object */ = {
			isa = PBXProject;
			attributes = {
				BuildIndependentTargetsInParallel = 1;
				LastSwiftUpdateCheck = 1410;
				LastUpgradeCheck = 1410;
				TargetAttributes = {
					577623C32943162500122ADD = {
						CreatedOnToolsVersion = 14.1;
					};
					577623D92943162600122ADD = {
						CreatedOnToolsVersion = 14.1;
						TestTargetID = 577623C32943162500122ADD;
					};
					577623E32943162600122ADD = {
						CreatedOnToolsVersion = 14.1;
						TestTargetID = 577623C32943162500122ADD;
					};
				};
			};
			buildConfigurationList = 577623BF2943162500122ADD /* Build configuration list for PBXProject "StuRxSwift" */;
			compatibilityVersion = "Xcode 9.3";
			developmentRegion = en;
			hasScannedForEncodings = 0;
			knownRegions = (
				en,
				Base,
			);
			mainGroup = 577623BB2943162500122ADD;
			productRefGroup = 577623C52943162500122ADD /* Products */;
			projectDirPath = "";
			projectRoot = "";
			targets = (
				577623C32943162500122ADD /* StuRxSwift */,
				577623D92943162600122ADD /* StuRxSwiftTests */,
				577623E32943162600122ADD /* StuRxSwiftUITests */,
			);
		};
/* End PBXProject section */

/* Begin PBXResourcesBuildPhase section */
		577623C22943162500122ADD /* Resources */ = {
			isa = PBXResourcesBuildPhase;
			buildActionMask = 2147483647;
			files = (
				577623D42943162600122ADD /* LaunchScreen.storyboard in Resources */,
				577623D12943162600122ADD /* Assets.xcassets in Resources */,
				577623CF2943162500122ADD /* Main.storyboard in Resources */,
			);
			runOnlyForDeploymentPostprocessing = 0;
		};
		577623D82943162600122ADD /* Resources */ = {
			isa = PBXResourcesBuildPhase;
			buildActionMask = 2147483647;
			files = (
			);
			runOnlyForDeploymentPostprocessing = 0;
		};
		577623E22943162600122ADD /* Resources */ = {
			isa = PBXResourcesBuildPhase;
			buildActionMask = 2147483647;
			files = (
			);
			runOnlyForDeploymentPostprocessing = 0;
		};
/* End PBXResourcesBuildPhase section */

/* Begin PBXShellScriptBuildPhase section */
		2E83BE9E53F66CD05EBBBDCE /* [CP] Check Pods Manifest.lock */ = {
			isa = PBXShellScriptBuildPhase;
			buildActionMask = 2147483647;
			files = (
			);
			inputFileListPaths = (
			);
			inputPaths = (
				"${PODS_PODFILE_DIR_PATH}/Podfile.lock",
				"${PODS_ROOT}/Manifest.lock",
			);
			name = "[CP] Check Pods Manifest.lock";
			outputFileListPaths = (
			);
			outputPaths = (
				"$(DERIVED_FILE_DIR)/Pods-StuRxSwift-StuRxSwiftUITests-checkManifestLockResult.txt",
			);
			runOnlyForDeploymentPostprocessing = 0;
			shellPath = /bin/sh;
			shellScript = "diff \"${PODS_PODFILE_DIR_PATH}/Podfile.lock\" \"${PODS_ROOT}/Manifest.lock\" > /dev/null\nif [ $? != 0 ] ; then\n    # print error to STDERR\n    echo \"error: The sandbox is not in sync with the Podfile.lock. Run 'pod install' or update your CocoaPods installation.\" >&2\n    exit 1\nfi\n# This output is used by Xcode 'outputs' to avoid re-running this script phase.\necho \"SUCCESS\" > \"${SCRIPT_OUTPUT_FILE_0}\"\n";
			showEnvVarsInLog = 0;
		};
		578CA8292962DFCF0003F1F5 /* SwiftLint */ = {
			isa = PBXShellScriptBuildPhase;
			buildActionMask = 2147483647;
			files = (
			);
			inputFileListPaths = (
			);
			inputPaths = (
			);
			name = SwiftLint;
			outputFileListPaths = (
			);
			outputPaths = (
			);
			runOnlyForDeploymentPostprocessing = 0;
			shellPath = /bin/sh;
			shellScript = "#增加homebrw安装的环境变量\nexport PATH=\"$PATH:/opt/homebrew/bin\"\nif which swiftlint > /dev/null; then\n  swiftlint\nelse\n  echo \"warning: SwiftLint not installed, download from https://github.com/realm/SwiftLint\"\nfi\n";
		};
		832EC5C54070F1F114E7608B /* [CP] Embed Pods Frameworks */ = {
			isa = PBXShellScriptBuildPhase;
			buildActionMask = 2147483647;
			files = (
			);
			inputFileListPaths = (
				"${PODS_ROOT}/Target Support Files/Pods-StuRxSwift-StuRxSwiftUITests/Pods-StuRxSwift-StuRxSwiftUITests-frameworks-${CONFIGURATION}-input-files.xcfilelist",
			);
			name = "[CP] Embed Pods Frameworks";
			outputFileListPaths = (
				"${PODS_ROOT}/Target Support Files/Pods-StuRxSwift-StuRxSwiftUITests/Pods-StuRxSwift-StuRxSwiftUITests-frameworks-${CONFIGURATION}-output-files.xcfilelist",
			);
			runOnlyForDeploymentPostprocessing = 0;
			shellPath = /bin/sh;
			shellScript = "\"${PODS_ROOT}/Target Support Files/Pods-StuRxSwift-StuRxSwiftUITests/Pods-StuRxSwift-StuRxSwiftUITests-frameworks.sh\"\n";
			showEnvVarsInLog = 0;
		};
		A7D217CC8B9CEB6208E9739D /* [CP] Embed Pods Frameworks */ = {
			isa = PBXShellScriptBuildPhase;
			buildActionMask = 2147483647;
			files = (
			);
			inputFileListPaths = (
				"${PODS_ROOT}/Target Support Files/Pods-StuRxSwift/Pods-StuRxSwift-frameworks-${CONFIGURATION}-input-files.xcfilelist",
			);
			name = "[CP] Embed Pods Frameworks";
			outputFileListPaths = (
				"${PODS_ROOT}/Target Support Files/Pods-StuRxSwift/Pods-StuRxSwift-frameworks-${CONFIGURATION}-output-files.xcfilelist",
			);
			runOnlyForDeploymentPostprocessing = 0;
			shellPath = /bin/sh;
			shellScript = "\"${PODS_ROOT}/Target Support Files/Pods-StuRxSwift/Pods-StuRxSwift-frameworks.sh\"\n";
			showEnvVarsInLog = 0;
		};
		D2B94996E74FD871EE25AC98 /* [CP] Check Pods Manifest.lock */ = {
			isa = PBXShellScriptBuildPhase;
			buildActionMask = 2147483647;
			files = (
			);
			inputFileListPaths = (
			);
			inputPaths = (
				"${PODS_PODFILE_DIR_PATH}/Podfile.lock",
				"${PODS_ROOT}/Manifest.lock",
			);
			name = "[CP] Check Pods Manifest.lock";
			outputFileListPaths = (
			);
			outputPaths = (
				"$(DERIVED_FILE_DIR)/Pods-StuRxSwift-checkManifestLockResult.txt",
			);
			runOnlyForDeploymentPostprocessing = 0;
			shellPath = /bin/sh;
			shellScript = "diff \"${PODS_PODFILE_DIR_PATH}/Podfile.lock\" \"${PODS_ROOT}/Manifest.lock\" > /dev/null\nif [ $? != 0 ] ; then\n    # print error to STDERR\n    echo \"error: The sandbox is not in sync with the Podfile.lock. Run 'pod install' or update your CocoaPods installation.\" >&2\n    exit 1\nfi\n# This output is used by Xcode 'outputs' to avoid re-running this script phase.\necho \"SUCCESS\" > \"${SCRIPT_OUTPUT_FILE_0}\"\n";
			showEnvVarsInLog = 0;
		};
		ED76C7381823A96A66F4D23E /* [CP] Check Pods Manifest.lock */ = {
			isa = PBXShellScriptBuildPhase;
			buildActionMask = 2147483647;
			files = (
			);
			inputFileListPaths = (
			);
			inputPaths = (
				"${PODS_PODFILE_DIR_PATH}/Podfile.lock",
				"${PODS_ROOT}/Manifest.lock",
			);
			name = "[CP] Check Pods Manifest.lock";
			outputFileListPaths = (
			);
			outputPaths = (
				"$(DERIVED_FILE_DIR)/Pods-StuRxSwiftTests-checkManifestLockResult.txt",
			);
			runOnlyForDeploymentPostprocessing = 0;
			shellPath = /bin/sh;
			shellScript = "diff \"${PODS_PODFILE_DIR_PATH}/Podfile.lock\" \"${PODS_ROOT}/Manifest.lock\" > /dev/null\nif [ $? != 0 ] ; then\n    # print error to STDERR\n    echo \"error: The sandbox is not in sync with the Podfile.lock. Run 'pod install' or update your CocoaPods installation.\" >&2\n    exit 1\nfi\n# This output is used by Xcode 'outputs' to avoid re-running this script phase.\necho \"SUCCESS\" > \"${SCRIPT_OUTPUT_FILE_0}\"\n";
			showEnvVarsInLog = 0;
		};
/* End PBXShellScriptBuildPhase section */

/* Begin PBXSourcesBuildPhase section */
		577623C02943162500122ADD /* Sources */ = {
			isa = PBXSourcesBuildPhase;
			buildActionMask = 2147483647;
			files = (
				578CA7DE296284DA0003F1F5 /* Moya2ViewController.swift in Sources */,
				578CA7D8296278E30003F1F5 /* Moya1ViewController.swift in Sources */,
				578CA82D2962E12E0003F1F5 /* GitHubViewModel2.swift in Sources */,
				573A83F52956EBBB004669C9 /* Table8CollectionViewCell.swift in Sources */,
				570BB0DC2951C1E5001697A3 /* ViewController+Rx.swift in Sources */,
				578CA7EB2962A1CC0003F1F5 /* GitHubModel.swift in Sources */,
				578CA7E02962884A0003F1F5 /* MoyaMyServiceAPI.swift in Sources */,
				578CA7E92962A0DA0003F1F5 /* GitHubProvider.swift in Sources */,
				57906EF129531360005A6912 /* TestTable2ViewController.swift in Sources */,
				578C2FF8295E897B00B610E8 /* Share1ViewController.swift in Sources */,
				57906EEF29530C09005A6912 /* TestTable1ViewController.swift in Sources */,
				578C3006295EB5BF00B610E8 /* BaseViewController.swift in Sources */,
				57930B09295FD56C00D28C60 /* UNNotificationViewController.swift in Sources */,
				577623CC2943162500122ADD /* ViewController.swift in Sources */,
				5775727B295405B800504720 /* TestTable4ViewController.swift in Sources */,
				577623C82943162500122ADD /* AppDelegate.swift in Sources */,
				578C3008295ECA0300B610E8 /* RxFeedBack3ViewController.swift in Sources */,
				578C300A295ECA1500B610E8 /* GitHubSignupState.swift in Sources */,
				578CA7D62962714E0003F1F5 /* MoyaDouBanAPI.swift in Sources */,
				5775CB472956D4A2008202BA /* Table8ViewController.swift in Sources */,
				5776E3962967E774005721BF /* CollectionHorPageViewController.swift in Sources */,
				578C3013295EF4D700B610E8 /* SportLightViewController.swift in Sources */,
				578CA7DC296281F30003F1F5 /* MoyaNetwork.swift in Sources */,
				577572762953FAE500504720 /* TestTable3ViewController.swift in Sources */,
				5774E4EF294FF6D500AC5E99 /* Music.swift in Sources */,
				579A896E295AF7B800A2B55F /* Collection1ViewController.swift in Sources */,
				5776E3942967C89A005721BF /* ColorExtensions.swift in Sources */,
				578C300E295ECB0E00B610E8 /* GitHubNetworkService.swift in Sources */,
				57757279295405AE00504720 /* TestTable5ViewController.swift in Sources */,
				578C2FFE295E945100B610E8 /* UIScrollView1ViewController.swift in Sources */,
				578CA82B2962E11D0003F1F5 /* MVVM2ViewController.swift in Sources */,
				5775727E2954064B00504720 /* Test5ViewModel.swift in Sources */,
				573A83F32956EB6D004669C9 /* Table8Cell.swift in Sources */,
				578CA7E72962A0640003F1F5 /* MVVM1ViewController.swift in Sources */,
				57930B0C29600EF600D28C60 /* Snap1ViewController.swift in Sources */,
				5776E3922967B2D0005721BF /* CollectionFallViewController.swift in Sources */,
				578CA7DA2962808D0003F1F5 /* HttpBinAPI.swift in Sources */,
				577623F82943172E00122ADD /* API.swift in Sources */,
				578CA7ED2962A2870003F1F5 /* GitHubViewModel.swift in Sources */,
				5774E4F129502EAC00AC5E99 /* JsonElement.swift in Sources */,
				5775CB492956DE80008202BA /* Table8StateTool.swift in Sources */,
				578C3001295EACD800B610E8 /* RxFeedBack1ViewController.swift in Sources */,
				578C3003295EB5AC00B610E8 /* RxFeedBack2ViewController.swift in Sources */,
				578C3010295ECB4A00B610E8 /* GitHubSignupService.swift in Sources */,
				577623CA2943162500122ADD /* SceneDelegate.swift in Sources */,
				578C300C295ECA5E00B610E8 /* GitHubSignup+Feedback.swift in Sources */,
				578C2FFB295E924300B610E8 /* ScrollViewExtensions.swift in Sources */,
			);
			runOnlyForDeploymentPostprocessing = 0;
		};
		577623D62943162600122ADD /* Sources */ = {
			isa = PBXSourcesBuildPhase;
			buildActionMask = 2147483647;
			files = (
				577623DF2943162600122ADD /* StuRxSwiftTests.swift in Sources */,
			);
			runOnlyForDeploymentPostprocessing = 0;
		};
		577623E02943162600122ADD /* Sources */ = {
			isa = PBXSourcesBuildPhase;
			buildActionMask = 2147483647;
			files = (
				577623E92943162600122ADD /* StuRxSwiftUITests.swift in Sources */,
				577623EB2943162600122ADD /* StuRxSwiftUITestsLaunchTests.swift in Sources */,
			);
			runOnlyForDeploymentPostprocessing = 0;
		};
/* End PBXSourcesBuildPhase section */

/* Begin PBXTargetDependency section */
		577623DC2943162600122ADD /* PBXTargetDependency */ = {
			isa = PBXTargetDependency;
			target = 577623C32943162500122ADD /* StuRxSwift */;
			targetProxy = 577623DB2943162600122ADD /* PBXContainerItemProxy */;
		};
		577623E62943162600122ADD /* PBXTargetDependency */ = {
			isa = PBXTargetDependency;
			target = 577623C32943162500122ADD /* StuRxSwift */;
			targetProxy = 577623E52943162600122ADD /* PBXContainerItemProxy */;
		};
/* End PBXTargetDependency section */

/* Begin PBXVariantGroup section */
		577623CD2943162500122ADD /* Main.storyboard */ = {
			isa = PBXVariantGroup;
			children = (
				577623CE2943162500122ADD /* Base */,
			);
			name = Main.storyboard;
			sourceTree = "<group>";
		};
		577623D22943162600122ADD /* LaunchScreen.storyboard */ = {
			isa = PBXVariantGroup;
			children = (
				577623D32943162600122ADD /* Base */,
			);
			name = LaunchScreen.storyboard;
			sourceTree = "<group>";
		};
/* End PBXVariantGroup section */

/* Begin XCBuildConfiguration section */
		577623EC2943162600122ADD /* Debug */ = {
			isa = XCBuildConfiguration;
			buildSettings = {
				ALWAYS_SEARCH_USER_PATHS = NO;
				CLANG_ANALYZER_NONNULL = YES;
				CLANG_ANALYZER_NUMBER_OBJECT_CONVERSION = YES_AGGRESSIVE;
				CLANG_CXX_LANGUAGE_STANDARD = "gnu++20";
				CLANG_ENABLE_MODULES = YES;
				CLANG_ENABLE_OBJC_ARC = YES;
				CLANG_ENABLE_OBJC_WEAK = YES;
				CLANG_WARN_BLOCK_CAPTURE_AUTORELEASING = YES;
				CLANG_WARN_BOOL_CONVERSION = YES;
				CLANG_WARN_COMMA = YES;
				CLANG_WARN_CONSTANT_CONVERSION = YES;
				CLANG_WARN_DEPRECATED_OBJC_IMPLEMENTATIONS = YES;
				CLANG_WARN_DIRECT_OBJC_ISA_USAGE = YES_ERROR;
				CLANG_WARN_DOCUMENTATION_COMMENTS = YES;
				CLANG_WARN_EMPTY_BODY = YES;
				CLANG_WARN_ENUM_CONVERSION = YES;
				CLANG_WARN_INFINITE_RECURSION = YES;
				CLANG_WARN_INT_CONVERSION = YES;
				CLANG_WARN_NON_LITERAL_NULL_CONVERSION = YES;
				CLANG_WARN_OBJC_IMPLICIT_RETAIN_SELF = YES;
				CLANG_WARN_OBJC_LITERAL_CONVERSION = YES;
				CLANG_WARN_OBJC_ROOT_CLASS = YES_ERROR;
				CLANG_WARN_QUOTED_INCLUDE_IN_FRAMEWORK_HEADER = YES;
				CLANG_WARN_RANGE_LOOP_ANALYSIS = YES;
				CLANG_WARN_STRICT_PROTOTYPES = YES;
				CLANG_WARN_SUSPICIOUS_MOVE = YES;
				CLANG_WARN_UNGUARDED_AVAILABILITY = YES_AGGRESSIVE;
				CLANG_WARN_UNREACHABLE_CODE = YES;
				CLANG_WARN__DUPLICATE_METHOD_MATCH = YES;
				COPY_PHASE_STRIP = NO;
				DEBUG_INFORMATION_FORMAT = dwarf;
				ENABLE_STRICT_OBJC_MSGSEND = YES;
				ENABLE_TESTABILITY = YES;
				GCC_C_LANGUAGE_STANDARD = gnu11;
				GCC_DYNAMIC_NO_PIC = NO;
				GCC_NO_COMMON_BLOCKS = YES;
				GCC_OPTIMIZATION_LEVEL = 0;
				GCC_PREPROCESSOR_DEFINITIONS = (
					"DEBUG=1",
					"$(inherited)",
				);
				GCC_WARN_64_TO_32_BIT_CONVERSION = YES;
				GCC_WARN_ABOUT_RETURN_TYPE = YES_ERROR;
				GCC_WARN_UNDECLARED_SELECTOR = YES;
				GCC_WARN_UNINITIALIZED_AUTOS = YES_AGGRESSIVE;
				GCC_WARN_UNUSED_FUNCTION = YES;
				GCC_WARN_UNUSED_VARIABLE = YES;
				IPHONEOS_DEPLOYMENT_TARGET = 16.1;
				MTL_ENABLE_DEBUG_INFO = INCLUDE_SOURCE;
				MTL_FAST_MATH = YES;
				ONLY_ACTIVE_ARCH = YES;
				SDKROOT = iphoneos;
				SWIFT_ACTIVE_COMPILATION_CONDITIONS = DEBUG;
				SWIFT_OPTIMIZATION_LEVEL = "-Onone";
			};
			name = Debug;
		};
		577623ED2943162600122ADD /* Release */ = {
			isa = XCBuildConfiguration;
			buildSettings = {
				ALWAYS_SEARCH_USER_PATHS = NO;
				CLANG_ANALYZER_NONNULL = YES;
				CLANG_ANALYZER_NUMBER_OBJECT_CONVERSION = YES_AGGRESSIVE;
				CLANG_CXX_LANGUAGE_STANDARD = "gnu++20";
				CLANG_ENABLE_MODULES = YES;
				CLANG_ENABLE_OBJC_ARC = YES;
				CLANG_ENABLE_OBJC_WEAK = YES;
				CLANG_WARN_BLOCK_CAPTURE_AUTORELEASING = YES;
				CLANG_WARN_BOOL_CONVERSION = YES;
				CLANG_WARN_COMMA = YES;
				CLANG_WARN_CONSTANT_CONVERSION = YES;
				CLANG_WARN_DEPRECATED_OBJC_IMPLEMENTATIONS = YES;
				CLANG_WARN_DIRECT_OBJC_ISA_USAGE = YES_ERROR;
				CLANG_WARN_DOCUMENTATION_COMMENTS = YES;
				CLANG_WARN_EMPTY_BODY = YES;
				CLANG_WARN_ENUM_CONVERSION = YES;
				CLANG_WARN_INFINITE_RECURSION = YES;
				CLANG_WARN_INT_CONVERSION = YES;
				CLANG_WARN_NON_LITERAL_NULL_CONVERSION = YES;
				CLANG_WARN_OBJC_IMPLICIT_RETAIN_SELF = YES;
				CLANG_WARN_OBJC_LITERAL_CONVERSION = YES;
				CLANG_WARN_OBJC_ROOT_CLASS = YES_ERROR;
				CLANG_WARN_QUOTED_INCLUDE_IN_FRAMEWORK_HEADER = YES;
				CLANG_WARN_RANGE_LOOP_ANALYSIS = YES;
				CLANG_WARN_STRICT_PROTOTYPES = YES;
				CLANG_WARN_SUSPICIOUS_MOVE = YES;
				CLANG_WARN_UNGUARDED_AVAILABILITY = YES_AGGRESSIVE;
				CLANG_WARN_UNREACHABLE_CODE = YES;
				CLANG_WARN__DUPLICATE_METHOD_MATCH = YES;
				COPY_PHASE_STRIP = NO;
				DEBUG_INFORMATION_FORMAT = "dwarf-with-dsym";
				ENABLE_NS_ASSERTIONS = NO;
				ENABLE_STRICT_OBJC_MSGSEND = YES;
				GCC_C_LANGUAGE_STANDARD = gnu11;
				GCC_NO_COMMON_BLOCKS = YES;
				GCC_WARN_64_TO_32_BIT_CONVERSION = YES;
				GCC_WARN_ABOUT_RETURN_TYPE = YES_ERROR;
				GCC_WARN_UNDECLARED_SELECTOR = YES;
				GCC_WARN_UNINITIALIZED_AUTOS = YES_AGGRESSIVE;
				GCC_WARN_UNUSED_FUNCTION = YES;
				GCC_WARN_UNUSED_VARIABLE = YES;
				IPHONEOS_DEPLOYMENT_TARGET = 16.1;
				MTL_ENABLE_DEBUG_INFO = NO;
				MTL_FAST_MATH = YES;
				SDKROOT = iphoneos;
				SWIFT_COMPILATION_MODE = wholemodule;
				SWIFT_OPTIMIZATION_LEVEL = "-O";
				VALIDATE_PRODUCT = YES;
			};
			name = Release;
		};
		577623EF2943162600122ADD /* Debug */ = {
			isa = XCBuildConfiguration;
			baseConfigurationReference = 6F375C2F058C53A2E0CAACE2 /* Pods-StuRxSwift.debug.xcconfig */;
			buildSettings = {
				ASSETCATALOG_COMPILER_APPICON_NAME = AppIcon;
				ASSETCATALOG_COMPILER_GLOBAL_ACCENT_COLOR_NAME = AccentColor;
				CODE_SIGN_STYLE = Automatic;
				CURRENT_PROJECT_VERSION = 1;
				GENERATE_INFOPLIST_FILE = YES;
				INFOPLIST_FILE = StuRxSwift/Info.plist;
				INFOPLIST_KEY_UIApplicationSupportsIndirectInputEvents = YES;
				INFOPLIST_KEY_UILaunchStoryboardName = LaunchScreen;
				INFOPLIST_KEY_UIMainStoryboardFile = Main;
				INFOPLIST_KEY_UISupportedInterfaceOrientations_iPad = "UIInterfaceOrientationPortrait UIInterfaceOrientationPortraitUpsideDown UIInterfaceOrientationLandscapeLeft UIInterfaceOrientationLandscapeRight";
				INFOPLIST_KEY_UISupportedInterfaceOrientations_iPhone = "UIInterfaceOrientationPortrait UIInterfaceOrientationLandscapeLeft UIInterfaceOrientationLandscapeRight";
				IPHONEOS_DEPLOYMENT_TARGET = 13.0;
				LD_RUNPATH_SEARCH_PATHS = (
					"$(inherited)",
					"@executable_path/Frameworks",
				);
				MARKETING_VERSION = 1.0;
				OTHER_CFLAGS = "-fsanitize-coverage=func,trace-pc-guard";
				OTHER_SWIFT_FLAGS = "$(inherited) -D COCOAPODS";
				PRODUCT_BUNDLE_IDENTIFIER = com.h.w.StuRxSwift;
				PRODUCT_NAME = "$(TARGET_NAME)";
				SWIFT_EMIT_LOC_STRINGS = YES;
				SWIFT_VERSION = 5.0;
				TARGETED_DEVICE_FAMILY = "1,2";
			};
			name = Debug;
		};
		577623F02943162600122ADD /* Release */ = {
			isa = XCBuildConfiguration;
			baseConfigurationReference = DAC17F44A69275720E0088C0 /* Pods-StuRxSwift.release.xcconfig */;
			buildSettings = {
				ASSETCATALOG_COMPILER_APPICON_NAME = AppIcon;
				ASSETCATALOG_COMPILER_GLOBAL_ACCENT_COLOR_NAME = AccentColor;
				CODE_SIGN_STYLE = Automatic;
				CURRENT_PROJECT_VERSION = 1;
				GENERATE_INFOPLIST_FILE = YES;
				INFOPLIST_FILE = StuRxSwift/Info.plist;
				INFOPLIST_KEY_UIApplicationSupportsIndirectInputEvents = YES;
				INFOPLIST_KEY_UILaunchStoryboardName = LaunchScreen;
				INFOPLIST_KEY_UIMainStoryboardFile = Main;
				INFOPLIST_KEY_UISupportedInterfaceOrientations_iPad = "UIInterfaceOrientationPortrait UIInterfaceOrientationPortraitUpsideDown UIInterfaceOrientationLandscapeLeft UIInterfaceOrientationLandscapeRight";
				INFOPLIST_KEY_UISupportedInterfaceOrientations_iPhone = "UIInterfaceOrientationPortrait UIInterfaceOrientationLandscapeLeft UIInterfaceOrientationLandscapeRight";
				IPHONEOS_DEPLOYMENT_TARGET = 13.0;
				LD_RUNPATH_SEARCH_PATHS = (
					"$(inherited)",
					"@executable_path/Frameworks",
				);
				MARKETING_VERSION = 1.0;
				OTHER_CFLAGS = "-fsanitize-coverage=func,trace-pc-guard";
				OTHER_SWIFT_FLAGS = "$(inherited) -D COCOAPODS";
				PRODUCT_BUNDLE_IDENTIFIER = com.h.w.StuRxSwift;
				PRODUCT_NAME = "$(TARGET_NAME)";
				SWIFT_EMIT_LOC_STRINGS = YES;
				SWIFT_VERSION = 5.0;
				TARGETED_DEVICE_FAMILY = "1,2";
			};
			name = Release;
		};
		577623F22943162600122ADD /* Debug */ = {
			isa = XCBuildConfiguration;
			baseConfigurationReference = 46B9F5FFE8BB631FBCC63530 /* Pods-StuRxSwiftTests.debug.xcconfig */;
			buildSettings = {
				BUNDLE_LOADER = "$(TEST_HOST)";
				CODE_SIGN_STYLE = Automatic;
				CURRENT_PROJECT_VERSION = 1;
				GENERATE_INFOPLIST_FILE = YES;
				IPHONEOS_DEPLOYMENT_TARGET = 16.1;
				MARKETING_VERSION = 1.0;
				PRODUCT_BUNDLE_IDENTIFIER = com.h.w.StuRxSwiftTests;
				PRODUCT_NAME = "$(TARGET_NAME)";
				SWIFT_EMIT_LOC_STRINGS = NO;
				SWIFT_VERSION = 5.0;
				TARGETED_DEVICE_FAMILY = "1,2";
				TEST_HOST = "$(BUILT_PRODUCTS_DIR)/StuRxSwift.app/$(BUNDLE_EXECUTABLE_FOLDER_PATH)/StuRxSwift";
			};
			name = Debug;
		};
		577623F32943162600122ADD /* Release */ = {
			isa = XCBuildConfiguration;
			baseConfigurationReference = 21E743F8FDEA1873BDFA6C32 /* Pods-StuRxSwiftTests.release.xcconfig */;
			buildSettings = {
				BUNDLE_LOADER = "$(TEST_HOST)";
				CODE_SIGN_STYLE = Automatic;
				CURRENT_PROJECT_VERSION = 1;
				GENERATE_INFOPLIST_FILE = YES;
				IPHONEOS_DEPLOYMENT_TARGET = 16.1;
				MARKETING_VERSION = 1.0;
				PRODUCT_BUNDLE_IDENTIFIER = com.h.w.StuRxSwiftTests;
				PRODUCT_NAME = "$(TARGET_NAME)";
				SWIFT_EMIT_LOC_STRINGS = NO;
				SWIFT_VERSION = 5.0;
				TARGETED_DEVICE_FAMILY = "1,2";
				TEST_HOST = "$(BUILT_PRODUCTS_DIR)/StuRxSwift.app/$(BUNDLE_EXECUTABLE_FOLDER_PATH)/StuRxSwift";
			};
			name = Release;
		};
		577623F52943162600122ADD /* Debug */ = {
			isa = XCBuildConfiguration;
			baseConfigurationReference = E399C503ADE262A4A8CB4DCA /* Pods-StuRxSwift-StuRxSwiftUITests.debug.xcconfig */;
			buildSettings = {
				CODE_SIGN_STYLE = Automatic;
				CURRENT_PROJECT_VERSION = 1;
				GENERATE_INFOPLIST_FILE = YES;
				MARKETING_VERSION = 1.0;
				PRODUCT_BUNDLE_IDENTIFIER = com.h.w.StuRxSwiftUITests;
				PRODUCT_NAME = "$(TARGET_NAME)";
				SWIFT_EMIT_LOC_STRINGS = NO;
				SWIFT_VERSION = 5.0;
				TARGETED_DEVICE_FAMILY = "1,2";
				TEST_TARGET_NAME = StuRxSwift;
			};
			name = Debug;
		};
		577623F62943162600122ADD /* Release */ = {
			isa = XCBuildConfiguration;
			baseConfigurationReference = 90C636ABC8E51711D5B31C4E /* Pods-StuRxSwift-StuRxSwiftUITests.release.xcconfig */;
			buildSettings = {
				CODE_SIGN_STYLE = Automatic;
				CURRENT_PROJECT_VERSION = 1;
				GENERATE_INFOPLIST_FILE = YES;
				MARKETING_VERSION = 1.0;
				PRODUCT_BUNDLE_IDENTIFIER = com.h.w.StuRxSwiftUITests;
				PRODUCT_NAME = "$(TARGET_NAME)";
				SWIFT_EMIT_LOC_STRINGS = NO;
				SWIFT_VERSION = 5.0;
				TARGETED_DEVICE_FAMILY = "1,2";
				TEST_TARGET_NAME = StuRxSwift;
			};
			name = Release;
		};
/* End XCBuildConfiguration section */

/* Begin XCConfigurationList section */
		577623BF2943162500122ADD /* Build configuration list for PBXProject "StuRxSwift" */ = {
			isa = XCConfigurationList;
			buildConfigurations = (
				577623EC2943162600122ADD /* Debug */,
				577623ED2943162600122ADD /* Release */,
			);
			defaultConfigurationIsVisible = 0;
			defaultConfigurationName = Release;
		};
		577623EE2943162600122ADD /* Build configuration list for PBXNativeTarget "StuRxSwift" */ = {
			isa = XCConfigurationList;
			buildConfigurations = (
				577623EF2943162600122ADD /* Debug */,
				577623F02943162600122ADD /* Release */,
			);
			defaultConfigurationIsVisible = 0;
			defaultConfigurationName = Release;
		};
		577623F12943162600122ADD /* Build configuration list for PBXNativeTarget "StuRxSwiftTests" */ = {
			isa = XCConfigurationList;
			buildConfigurations = (
				577623F22943162600122ADD /* Debug */,
				577623F32943162600122ADD /* Release */,
			);
			defaultConfigurationIsVisible = 0;
			defaultConfigurationName = Release;
		};
		577623F42943162600122ADD /* Build configuration list for PBXNativeTarget "StuRxSwiftUITests" */ = {
			isa = XCConfigurationList;
			buildConfigurations = (
				577623F52943162600122ADD /* Debug */,
				577623F62943162600122ADD /* Release */,
			);
			defaultConfigurationIsVisible = 0;
			defaultConfigurationName = Release;
		};
/* End XCConfigurationList section */
	};
	rootObject = 577623BC2943162500122ADD /* Project object */;
}
